
Microsoft Visual Studio Solution File, Format Version 12.00
Project("{2150E333-8FDC-42A3-9474-1A3956D46DE8}") = "src", "src", "{47C25D3C-FE58-4C67-8301-A3802000D004}"
EndProject
Project("{2150E333-8FDC-42A3-9474-1A3956D46DE8}") = "ApiGateways", "ApiGateways", "{7601EE3E-EC45-4AB6-9954-9C3B63BB6EA7}"
EndProject
Project("{2150E333-8FDC-42A3-9474-1A3956D46DE8}") = "WebApiGateway", "WebApiGateway", "{BFB35141-CA8D-4BD6-A66D-50C09C702E00}"
EndProject
Project("{FAE04EC0-301F-11D3-BF4B-00C04F79EFBC}") = "Web.ApiGateway", "src\ApiGateways\WebApiGateway\Web.ApiGateway\Web.ApiGateway.csproj", "{258A51D7-46F2-4B0A-AD63-B7E2E19216B5}"
EndProject
Project("{2150E333-8FDC-42A3-9474-1A3956D46DE8}") = "BuildingBlocks", "BuildingBlocks", "{5E842615-FD8D-43BF-AAD9-9E1A34D2FA68}"
EndProject
Project("{2150E333-8FDC-42A3-9474-1A3956D46DE8}") = "EventBus", "EventBus", "{7E7AA60A-F048-4A02-AFCF-B3503A44A41D}"
EndProject
Project("{FAE04EC0-301F-11D3-BF4B-00C04F79EFBC}") = "EventBus.AzureServiceBus", "src\BuildingBlocks\EventBus\EventBus.AzureServiceBus\EventBus.AzureServiceBus.csproj", "{CFE777F2-7314-484A-B895-C5C3F3F19B07}"
EndProject
Project("{FAE04EC0-301F-11D3-BF4B-00C04F79EFBC}") = "EventBus.Base", "src\BuildingBlocks\EventBus\EventBus.Base\EventBus.Base.csproj", "{4AF300DA-7B21-462F-97A7-7EBFD598701A}"
EndProject
Project("{FAE04EC0-301F-11D3-BF4B-00C04F79EFBC}") = "EventBus.Factory", "src\BuildingBlocks\EventBus\EventBus.Factory\EventBus.Factory.csproj", "{0D8CC68C-DD30-4649-988B-8D6A002926DF}"
EndProject
Project("{FAE04EC0-301F-11D3-BF4B-00C04F79EFBC}") = "EventBus.RabbitMQ", "src\BuildingBlocks\EventBus\EventBus.RabbitMQ\EventBus.RabbitMQ.csproj", "{38E6C3B1-05FC-47E3-9713-D562BAAF7AE7}"
EndProject
Project("{2150E333-8FDC-42A3-9474-1A3956D46DE8}") = "Services", "Services", "{478F708F-5B25-4087-911E-03BD05882C17}"
EndProject
Project("{2150E333-8FDC-42A3-9474-1A3956D46DE8}") = "BasketService", "BasketService", "{E00CFF27-0D8E-4530-9085-F3DD4B5DE23A}"
EndProject
Project("{FAE04EC0-301F-11D3-BF4B-00C04F79EFBC}") = "BasketService.Api", "src\Services\BasketService\BasketService.Api\BasketService.Api.csproj", "{CFCA9F7D-E0A4-4132-A48C-AF6C66C60D69}"
EndProject
Project("{2150E333-8FDC-42A3-9474-1A3956D46DE8}") = "CatalogService", "CatalogService", "{9C3CB04C-26D4-4CA8-8E0F-B0ADF6CAF003}"
EndProject
Project("{FAE04EC0-301F-11D3-BF4B-00C04F79EFBC}") = "CatalogService.Api", "src\Services\CatalogService\CatalogService.Api\CatalogService.Api.csproj", "{3A378C2A-CCF5-4C1A-90D4-D1E2079152A3}"
EndProject
Project("{2150E333-8FDC-42A3-9474-1A3956D46DE8}") = "IdentityService", "IdentityService", "{E4C1CAFB-3815-4829-82CF-1117120C4F89}"
EndProject
Project("{FAE04EC0-301F-11D3-BF4B-00C04F79EFBC}") = "IdentityService.Api", "src\Services\IdentityService\IdentityService.Api\IdentityService.Api.csproj", "{402E390E-E17E-462F-9211-66802F7D4CAE}"
EndProject
Project("{2150E333-8FDC-42A3-9474-1A3956D46DE8}") = "NotificationService", "NotificationService", "{3527E798-FA5B-4949-9F62-C1C74BC5A2F3}"
EndProject
Project("{FAE04EC0-301F-11D3-BF4B-00C04F79EFBC}") = "NotificationService", "src\Services\NotificationService\NotificationService\NotificationService.csproj", "{C8486607-3FEC-41B7-AC18-BBD7B77543F6}"
EndProject
Project("{2150E333-8FDC-42A3-9474-1A3956D46DE8}") = "OrderService", "OrderService", "{445834F2-EEE3-4874-820D-CF71378B03CB}"
EndProject
Project("{FAE04EC0-301F-11D3-BF4B-00C04F79EFBC}") = "OrderService.Domain", "src\Services\OrderService\OrderService.Domain\OrderService.Domain.csproj", "{3CA2ACD2-6D4E-4C32-91B2-F8AE8022A00A}"
EndProject
Project("{FAE04EC0-301F-11D3-BF4B-00C04F79EFBC}") = "OrderService.Application", "src\Services\OrderService\OrderService.Application\OrderService.Application.csproj", "{4BF84941-224D-4E87-B197-2E60DC938259}"
EndProject
Project("{FAE04EC0-301F-11D3-BF4B-00C04F79EFBC}") = "OrderService.Infrastructure", "src\Services\OrderService\OrderService.Infrastructure\OrderService.Infrastructure.csproj", "{4F38A914-B5DB-45C2-9E81-3B0329AD1C90}"
EndProject
Project("{FAE04EC0-301F-11D3-BF4B-00C04F79EFBC}") = "OrderService.Api", "src\Services\OrderService\OrderService.Api\OrderService.Api.csproj", "{ACA28BA4-FCAF-499D-AFA8-56782936E8C8}"
EndProject
Project("{2150E333-8FDC-42A3-9474-1A3956D46DE8}") = "PaymentService", "PaymentService", "{F7E8261F-C0CD-4A7A-A9D6-979773500673}"
EndProject
Project("{FAE04EC0-301F-11D3-BF4B-00C04F79EFBC}") = "PaymentService.Api", "src\Services\PaymentService\PaymentService.Api\PaymentService.Api.csproj", "{29CE288A-C6B2-47EF-BB65-3FD4008D9563}"
EndProject
Global
	GlobalSection(SolutionConfigurationPlatforms) = preSolution
		Debug|Any CPU = Debug|Any CPU
		Release|Any CPU = Release|Any CPU
	EndGlobalSection
	GlobalSection(NestedProjects) = preSolution
		{7601EE3E-EC45-4AB6-9954-9C3B63BB6EA7} = {47C25D3C-FE58-4C67-8301-A3802000D004}
		{BFB35141-CA8D-4BD6-A66D-50C09C702E00} = {7601EE3E-EC45-4AB6-9954-9C3B63BB6EA7}
		{258A51D7-46F2-4B0A-AD63-B7E2E19216B5} = {BFB35141-CA8D-4BD6-A66D-50C09C702E00}
		{5E842615-FD8D-43BF-AAD9-9E1A34D2FA68} = {47C25D3C-FE58-4C67-8301-A3802000D004}
		{7E7AA60A-F048-4A02-AFCF-B3503A44A41D} = {5E842615-FD8D-43BF-AAD9-9E1A34D2FA68}
		{CFE777F2-7314-484A-B895-C5C3F3F19B07} = {7E7AA60A-F048-4A02-AFCF-B3503A44A41D}
		{4AF300DA-7B21-462F-97A7-7EBFD598701A} = {7E7AA60A-F048-4A02-AFCF-B3503A44A41D}
		{0D8CC68C-DD30-4649-988B-8D6A002926DF} = {7E7AA60A-F048-4A02-AFCF-B3503A44A41D}
		{38E6C3B1-05FC-47E3-9713-D562BAAF7AE7} = {7E7AA60A-F048-4A02-AFCF-B3503A44A41D}
		{478F708F-5B25-4087-911E-03BD05882C17} = {47C25D3C-FE58-4C67-8301-A3802000D004}
		{E00CFF27-0D8E-4530-9085-F3DD4B5DE23A} = {478F708F-5B25-4087-911E-03BD05882C17}
		{CFCA9F7D-E0A4-4132-A48C-AF6C66C60D69} = {E00CFF27-0D8E-4530-9085-F3DD4B5DE23A}
		{9C3CB04C-26D4-4CA8-8E0F-B0ADF6CAF003} = {478F708F-5B25-4087-911E-03BD05882C17}
		{3A378C2A-CCF5-4C1A-90D4-D1E2079152A3} = {9C3CB04C-26D4-4CA8-8E0F-B0ADF6CAF003}
		{E4C1CAFB-3815-4829-82CF-1117120C4F89} = {478F708F-5B25-4087-911E-03BD05882C17}
		{402E390E-E17E-462F-9211-66802F7D4CAE} = {E4C1CAFB-3815-4829-82CF-1117120C4F89}
		{3527E798-FA5B-4949-9F62-C1C74BC5A2F3} = {478F708F-5B25-4087-911E-03BD05882C17}
		{C8486607-3FEC-41B7-AC18-BBD7B77543F6} = {3527E798-FA5B-4949-9F62-C1C74BC5A2F3}
		{445834F2-EEE3-4874-820D-CF71378B03CB} = {478F708F-5B25-4087-911E-03BD05882C17}
		{3CA2ACD2-6D4E-4C32-91B2-F8AE8022A00A} = {445834F2-EEE3-4874-820D-CF71378B03CB}
		{4BF84941-224D-4E87-B197-2E60DC938259} = {445834F2-EEE3-4874-820D-CF71378B03CB}
		{4F38A914-B5DB-45C2-9E81-3B0329AD1C90} = {445834F2-EEE3-4874-820D-CF71378B03CB}
		{ACA28BA4-FCAF-499D-AFA8-56782936E8C8} = {445834F2-EEE3-4874-820D-CF71378B03CB}
		{F7E8261F-C0CD-4A7A-A9D6-979773500673} = {478F708F-5B25-4087-911E-03BD05882C17}
		{29CE288A-C6B2-47EF-BB65-3FD4008D9563} = {F7E8261F-C0CD-4A7A-A9D6-979773500673}
	EndGlobalSection
	GlobalSection(ProjectConfigurationPlatforms) = postSolution
		{258A51D7-46F2-4B0A-AD63-B7E2E19216B5}.Debug|Any CPU.ActiveCfg = Debug|Any CPU
		{258A51D7-46F2-4B0A-AD63-B7E2E19216B5}.Debug|Any CPU.Build.0 = Debug|Any CPU
		{258A51D7-46F2-4B0A-AD63-B7E2E19216B5}.Release|Any CPU.ActiveCfg = Release|Any CPU
		{258A51D7-46F2-4B0A-AD63-B7E2E19216B5}.Release|Any CPU.Build.0 = Release|Any CPU
		{CFE777F2-7314-484A-B895-C5C3F3F19B07}.Debug|Any CPU.ActiveCfg = Debug|Any CPU
		{CFE777F2-7314-484A-B895-C5C3F3F19B07}.Debug|Any CPU.Build.0 = Debug|Any CPU
		{CFE777F2-7314-484A-B895-C5C3F3F19B07}.Release|Any CPU.ActiveCfg = Release|Any CPU
		{CFE777F2-7314-484A-B895-C5C3F3F19B07}.Release|Any CPU.Build.0 = Release|Any CPU
		{4AF300DA-7B21-462F-97A7-7EBFD598701A}.Debug|Any CPU.ActiveCfg = Debug|Any CPU
		{4AF300DA-7B21-462F-97A7-7EBFD598701A}.Debug|Any CPU.Build.0 = Debug|Any CPU
		{4AF300DA-7B21-462F-97A7-7EBFD598701A}.Release|Any CPU.ActiveCfg = Release|Any CPU
		{4AF300DA-7B21-462F-97A7-7EBFD598701A}.Release|Any CPU.Build.0 = Release|Any CPU
		{0D8CC68C-DD30-4649-988B-8D6A002926DF}.Debug|Any CPU.ActiveCfg = Debug|Any CPU
		{0D8CC68C-DD30-4649-988B-8D6A002926DF}.Debug|Any CPU.Build.0 = Debug|Any CPU
		{0D8CC68C-DD30-4649-988B-8D6A002926DF}.Release|Any CPU.ActiveCfg = Release|Any CPU
		{0D8CC68C-DD30-4649-988B-8D6A002926DF}.Release|Any CPU.Build.0 = Release|Any CPU
		{38E6C3B1-05FC-47E3-9713-D562BAAF7AE7}.Debug|Any CPU.ActiveCfg = Debug|Any CPU
		{38E6C3B1-05FC-47E3-9713-D562BAAF7AE7}.Debug|Any CPU.Build.0 = Debug|Any CPU
		{38E6C3B1-05FC-47E3-9713-D562BAAF7AE7}.Release|Any CPU.ActiveCfg = Release|Any CPU
		{38E6C3B1-05FC-47E3-9713-D562BAAF7AE7}.Release|Any CPU.Build.0 = Release|Any CPU
		{CFCA9F7D-E0A4-4132-A48C-AF6C66C60D69}.Debug|Any CPU.ActiveCfg = Debug|Any CPU
		{CFCA9F7D-E0A4-4132-A48C-AF6C66C60D69}.Debug|Any CPU.Build.0 = Debug|Any CPU
		{CFCA9F7D-E0A4-4132-A48C-AF6C66C60D69}.Release|Any CPU.ActiveCfg = Release|Any CPU
		{CFCA9F7D-E0A4-4132-A48C-AF6C66C60D69}.Release|Any CPU.Build.0 = Release|Any CPU
		{3A378C2A-CCF5-4C1A-90D4-D1E2079152A3}.Debug|Any CPU.ActiveCfg = Debug|Any CPU
		{3A378C2A-CCF5-4C1A-90D4-D1E2079152A3}.Debug|Any CPU.Build.0 = Debug|Any CPU
		{3A378C2A-CCF5-4C1A-90D4-D1E2079152A3}.Release|Any CPU.ActiveCfg = Release|Any CPU
		{3A378C2A-CCF5-4C1A-90D4-D1E2079152A3}.Release|Any CPU.Build.0 = Release|Any CPU
		{402E390E-E17E-462F-9211-66802F7D4CAE}.Debug|Any CPU.ActiveCfg = Debug|Any CPU
		{402E390E-E17E-462F-9211-66802F7D4CAE}.Debug|Any CPU.Build.0 = Debug|Any CPU
		{402E390E-E17E-462F-9211-66802F7D4CAE}.Release|Any CPU.ActiveCfg = Release|Any CPU
		{402E390E-E17E-462F-9211-66802F7D4CAE}.Release|Any CPU.Build.0 = Release|Any CPU
		{C8486607-3FEC-41B7-AC18-BBD7B77543F6}.Debug|Any CPU.ActiveCfg = Debug|Any CPU
		{C8486607-3FEC-41B7-AC18-BBD7B77543F6}.Debug|Any CPU.Build.0 = Debug|Any CPU
		{C8486607-3FEC-41B7-AC18-BBD7B77543F6}.Release|Any CPU.ActiveCfg = Release|Any CPU
		{C8486607-3FEC-41B7-AC18-BBD7B77543F6}.Release|Any CPU.Build.0 = Release|Any CPU
		{3CA2ACD2-6D4E-4C32-91B2-F8AE8022A00A}.Debug|Any CPU.ActiveCfg = Debug|Any CPU
		{3CA2ACD2-6D4E-4C32-91B2-F8AE8022A00A}.Debug|Any CPU.Build.0 = Debug|Any CPU
		{3CA2ACD2-6D4E-4C32-91B2-F8AE8022A00A}.Release|Any CPU.ActiveCfg = Release|Any CPU
		{3CA2ACD2-6D4E-4C32-91B2-F8AE8022A00A}.Release|Any CPU.Build.0 = Release|Any CPU
		{4BF84941-224D-4E87-B197-2E60DC938259}.Debug|Any CPU.ActiveCfg = Debug|Any CPU
		{4BF84941-224D-4E87-B197-2E60DC938259}.Debug|Any CPU.Build.0 = Debug|Any CPU
		{4BF84941-224D-4E87-B197-2E60DC938259}.Release|Any CPU.ActiveCfg = Release|Any CPU
		{4BF84941-224D-4E87-B197-2E60DC938259}.Release|Any CPU.Build.0 = Release|Any CPU
		{4F38A914-B5DB-45C2-9E81-3B0329AD1C90}.Debug|Any CPU.ActiveCfg = Debug|Any CPU
		{4F38A914-B5DB-45C2-9E81-3B0329AD1C90}.Debug|Any CPU.Build.0 = Debug|Any CPU
		{4F38A914-B5DB-45C2-9E81-3B0329AD1C90}.Release|Any CPU.ActiveCfg = Release|Any CPU
		{4F38A914-B5DB-45C2-9E81-3B0329AD1C90}.Release|Any CPU.Build.0 = Release|Any CPU
		{ACA28BA4-FCAF-499D-AFA8-56782936E8C8}.Debug|Any CPU.ActiveCfg = Debug|Any CPU
		{ACA28BA4-FCAF-499D-AFA8-56782936E8C8}.Debug|Any CPU.Build.0 = Debug|Any CPU
		{ACA28BA4-FCAF-499D-AFA8-56782936E8C8}.Release|Any CPU.ActiveCfg = Release|Any CPU
		{ACA28BA4-FCAF-499D-AFA8-56782936E8C8}.Release|Any CPU.Build.0 = Release|Any CPU
		{29CE288A-C6B2-47EF-BB65-3FD4008D9563}.Debug|Any CPU.ActiveCfg = Debug|Any CPU
		{29CE288A-C6B2-47EF-BB65-3FD4008D9563}.Debug|Any CPU.Build.0 = Debug|Any CPU
		{29CE288A-C6B2-47EF-BB65-3FD4008D9563}.Release|Any CPU.ActiveCfg = Release|Any CPU
		{29CE288A-C6B2-47EF-BB65-3FD4008D9563}.Release|Any CPU.Build.0 = Release|Any CPU
	EndGlobalSection
EndGlobal
